// !$*UTF8*$!
{
	archiveVersion = 1;
	classes = {
	};
	objectVersion = 50;
	objects = {

/* Begin PBXBuildFile section */
		52D697BF2497E91900AFABB5 /* AppDelegate.swift in Sources */ = {isa = PBXBuildFile; fileRef = 52D697BE2497E91900AFABB5 /* AppDelegate.swift */; };
		52D697C12497E91900AFABB5 /* ViewController.swift in Sources */ = {isa = PBXBuildFile; fileRef = 52D697C02497E91900AFABB5 /* ViewController.swift */; };
		52D697C42497E91900AFABB5 /* Main.storyboard in Resources */ = {isa = PBXBuildFile; fileRef = 52D697C22497E91900AFABB5 /* Main.storyboard */; };
		52D697C62497E91A00AFABB5 /* Assets.xcassets in Resources */ = {isa = PBXBuildFile; fileRef = 52D697C52497E91A00AFABB5 /* Assets.xcassets */; };
		52D697C92497E91A00AFABB5 /* LaunchScreen.storyboard in Resources */ = {isa = PBXBuildFile; fileRef = 52D697C72497E91A00AFABB5 /* LaunchScreen.storyboard */; };
		52D697D42497E91B00AFABB5 /* ColoresSliderTests.swift in Sources */ = {isa = PBXBuildFile; fileRef = 52D697D32497E91B00AFABB5 /* ColoresSliderTests.swift */; };
		52D697DF2497E91B00AFABB5 /* ColoresSliderUITests.swift in Sources */ = {isa = PBXBuildFile; fileRef = 52D697DE2497E91B00AFABB5 /* ColoresSliderUITests.swift */; };
/* End PBXBuildFile section */

/* Begin PBXContainerItemProxy section */
		52D697D02497E91B00AFABB5 /* PBXContainerItemProxy */ = {
			isa = PBXContainerItemProxy;
			containerPortal = 52D697B32497E91900AFABB5 /* Project object */;
			proxyType = 1;
			remoteGlobalIDString = 52D697BA2497E91900AFABB5;
			remoteInfo = ColoresSlider;
		};
		52D697DB2497E91B00AFABB5 /* PBXContainerItemProxy */ = {
			isa = PBXContainerItemProxy;
			containerPortal = 52D697B32497E91900AFABB5 /* Project object */;
			proxyType = 1;
			remoteGlobalIDString = 52D697BA2497E91900AFABB5;
			remoteInfo = ColoresSlider;
		};
/* End PBXContainerItemProxy section */

/* Begin PBXFileReference section */
		52D697BB2497E91900AFABB5 /* ColoresSlider.app */ = {isa = PBXFileReference; explicitFileType = wrapper.application; includeInIndex = 0; path = ColoresSlider.app; sourceTree = BUILT_PRODUCTS_DIR; };
		52D697BE2497E91900AFABB5 /* AppDelegate.swift */ = {isa = PBXFileReference; lastKnownFileType = sourcecode.swift; path = AppDelegate.swift; sourceTree = "<group>"; };
		52D697C02497E91900AFABB5 /* ViewController.swift */ = {isa = PBXFileReference; lastKnownFileType = sourcecode.swift; path = ViewController.swift; sourceTree = "<group>"; };
		52D697C32497E91900AFABB5 /* Base */ = {isa = PBXFileReference; lastKnownFileType = file.storyboard; name = Base; path = Base.lproj/Main.storyboard; sourceTree = "<group>"; };
		52D697C52497E91A00AFABB5 /* Assets.xcassets */ = {isa = PBXFileReference; lastKnownFileType = folder.assetcatalog; path = Assets.xcassets; sourceTree = "<group>"; };
		52D697C82497E91A00AFABB5 /* Base */ = {isa = PBXFileReference; lastKnownFileType = file.storyboard; name = Base; path = Base.lproj/LaunchScreen.storyboard; sourceTree = "<group>"; };
		52D697CA2497E91A00AFABB5 /* Info.plist */ = {isa = PBXFileReference; lastKnownFileType = text.plist.xml; path = Info.plist; sourceTree = "<group>"; };
		52D697CF2497E91B00AFABB5 /* ColoresSliderTests.xctest */ = {isa = PBXFileReference; explicitFileType = wrapper.cfbundle; includeInIndex = 0; path = ColoresSliderTests.xctest; sourceTree = BUILT_PRODUCTS_DIR; };
		52D697D32497E91B00AFABB5 /* ColoresSliderTests.swift */ = {isa = PBXFileReference; lastKnownFileType = sourcecode.swift; path = ColoresSliderTests.swift; sourceTree = "<group>"; };
		52D697D52497E91B00AFABB5 /* Info.plist */ = {isa = PBXFileReference; lastKnownFileType = text.plist.xml; path = Info.plist; sourceTree = "<group>"; };
		52D697DA2497E91B00AFABB5 /* ColoresSliderUITests.xctest */ = {isa = PBXFileReference; explicitFileType = wrapper.cfbundle; includeInIndex = 0; path = ColoresSliderUITests.xctest; sourceTree = BUILT_PRODUCTS_DIR; };
		52D697DE2497E91B00AFABB5 /* ColoresSliderUITests.swift */ = {isa = PBXFileReference; lastKnownFileType = sourcecode.swift; path = ColoresSliderUITests.swift; sourceTree = "<group>"; };
		52D697E02497E91B00AFABB5 /* Info.plist */ = {isa = PBXFileReference; lastKnownFileType = text.plist.xml; path = Info.plist; sourceTree = "<group>"; };
/* End PBXFileReference section */

/* Begin PBXFrameworksBuildPhase section */
		52D697B82497E91900AFABB5 /* Frameworks */ = {
			isa = PBXFrameworksBuildPhase;
			buildActionMask = 2147483647;
			files = (
			);
			runOnlyForDeploymentPostprocessing = 0;
		};
		52D697CC2497E91B00AFABB5 /* Frameworks */ = {
			isa = PBXFrameworksBuildPhase;
			buildActionMask = 2147483647;
			files = (
			);
			runOnlyForDeploymentPostprocessing = 0;
		};
		52D697D72497E91B00AFABB5 /* Frameworks */ = {
			isa = PBXFrameworksBuildPhase;
			buildActionMask = 2147483647;
			files = (
			);
			runOnlyForDeploymentPostprocessing = 0;
		};
/* End PBXFrameworksBuildPhase section */

/* Begin PBXGroup section */
		52D697B22497E91900AFABB5 = {
			isa = PBXGroup;
			children = (
				52D697BD2497E91900AFABB5 /* ColoresSlider */,
				52D697D22497E91B00AFABB5 /* ColoresSliderTests */,
				52D697DD2497E91B00AFABB5 /* ColoresSliderUITests */,
				52D697BC2497E91900AFABB5 /* Products */,
			);
			sourceTree = "<group>";
		};
		52D697BC2497E91900AFABB5 /* Products */ = {
			isa = PBXGroup;
			children = (
				52D697BB2497E91900AFABB5 /* ColoresSlider.app */,
				52D697CF2497E91B00AFABB5 /* ColoresSliderTests.xctest */,
				52D697DA2497E91B00AFABB5 /* ColoresSliderUITests.xctest */,
			);
			name = Products;
			sourceTree = "<group>";
		};
		52D697BD2497E91900AFABB5 /* ColoresSlider */ = {
			isa = PBXGroup;
			children = (
				52D697BE2497E91900AFABB5 /* AppDelegate.swift */,
				52D697C02497E91900AFABB5 /* ViewController.swift */,
				52D697C22497E91900AFABB5 /* Main.storyboard */,
				52D697C52497E91A00AFABB5 /* Assets.xcassets */,
				52D697C72497E91A00AFABB5 /* LaunchScreen.storyboard */,
				52D697CA2497E91A00AFABB5 /* Info.plist */,
			);
			path = ColoresSlider;
			sourceTree = "<group>";
		};
		52D697D22497E91B00AFABB5 /* ColoresSliderTests */ = {
			isa = PBXGroup;
			children = (
				52D697D32497E91B00AFABB5 /* ColoresSliderTests.swift */,
				52D697D52497E91B00AFABB5 /* Info.plist */,
			);
			path = ColoresSliderTests;
			sourceTree = "<group>";
		};
		52D697DD2497E91B00AFABB5 /* ColoresSliderUITests */ = {
			isa = PBXGroup;
			children = (
				52D697DE2497E91B00AFABB5 /* ColoresSliderUITests.swift */,
				52D697E02497E91B00AFABB5 /* Info.plist */,
			);
			path = ColoresSliderUITests;
			sourceTree = "<group>";
		};
/* End PBXGroup section */

/* Begin PBXNativeTarget section */
		52D697BA2497E91900AFABB5 /* ColoresSlider */ = {
			isa = PBXNativeTarget;
			buildConfigurationList = 52D697E32497E91B00AFABB5 /* Build configuration list for PBXNativeTarget "ColoresSlider" */;
			buildPhases = (
				52D697B72497E91900AFABB5 /* Sources */,
				52D697B82497E91900AFABB5 /* Frameworks */,
				52D697B92497E91900AFABB5 /* Resources */,
			);
			buildRules = (
			);
			dependencies = (
			);
			name = ColoresSlider;
			productName = ColoresSlider;
			productReference = 52D697BB2497E91900AFABB5 /* ColoresSlider.app */;
			productType = "com.apple.product-type.application";
		};
		52D697CE2497E91B00AFABB5 /* ColoresSliderTests */ = {
			isa = PBXNativeTarget;
			buildConfigurationList = 52D697E62497E91B00AFABB5 /* Build configuration list for PBXNativeTarget "ColoresSliderTests" */;
			buildPhases = (
				52D697CB2497E91B00AFABB5 /* Sources */,
				52D697CC2497E91B00AFABB5 /* Frameworks */,
				52D697CD2497E91B00AFABB5 /* Resources */,
			);
			buildRules = (
			);
			dependencies = (
				52D697D12497E91B00AFABB5 /* PBXTargetDependency */,
			);
			name = ColoresSliderTests;
			productName = ColoresSliderTests;
			productReference = 52D697CF2497E91B00AFABB5 /* ColoresSliderTests.xctest */;
			productType = "com.apple.product-type.bundle.unit-test";
		};
		52D697D92497E91B00AFABB5 /* ColoresSliderUITests */ = {
			isa = PBXNativeTarget;
			buildConfigurationList = 52D697E92497E91B00AFABB5 /* Build configuration list for PBXNativeTarget "ColoresSliderUITests" */;
			buildPhases = (
				52D697D62497E91B00AFABB5 /* Sources */,
				52D697D72497E91B00AFABB5 /* Frameworks */,
				52D697D82497E91B00AFABB5 /* Resources */,
			);
			buildRules = (
			);
			dependencies = (
				52D697DC2497E91B00AFABB5 /* PBXTargetDependency */,
			);
			name = ColoresSliderUITests;
			productName = ColoresSliderUITests;
			productReference = 52D697DA2497E91B00AFABB5 /* ColoresSliderUITests.xctest */;
			productType = "com.apple.product-type.bundle.ui-testing";
		};
/* End PBXNativeTarget section */

/* Begin PBXProject section */
		52D697B32497E91900AFABB5 /* Project object */ = {
			isa = PBXProject;
			attributes = {
				LastSwiftUpdateCheck = 1020;
				LastUpgradeCheck = 1020;
				ORGANIZATIONNAME = "Josue Durand";
				TargetAttributes = {
					52D697BA2497E91900AFABB5 = {
						CreatedOnToolsVersion = 10.2.1;
					};
					52D697CE2497E91B00AFABB5 = {
						CreatedOnToolsVersion = 10.2.1;
						TestTargetID = 52D697BA2497E91900AFABB5;
					};
					52D697D92497E91B00AFABB5 = {
						CreatedOnToolsVersion = 10.2.1;
						TestTargetID = 52D697BA2497E91900AFABB5;
					};
				};
			};
			buildConfigurationList = 52D697B62497E91900AFABB5 /* Build configuration list for PBXProject "ColoresSlider" */;
			compatibilityVersion = "Xcode 9.3";
			developmentRegion = en;
			hasScannedForEncodings = 0;
			knownRegions = (
				en,
				Base,
			);
			mainGroup = 52D697B22497E91900AFABB5;
			productRefGroup = 52D697BC2497E91900AFABB5 /* Products */;
			projectDirPath = "";
			projectRoot = "";
			targets = (
				52D697BA2497E91900AFABB5 /* ColoresSlider */,
				52D697CE2497E91B00AFABB5 /* ColoresSliderTests */,
				52D697D92497E91B00AFABB5 /* ColoresSliderUITests */,
			);
		};
/* End PBXProject section */

/* Begin PBXResourcesBuildPhase section */
		52D697B92497E91900AFABB5 /* Resources */ = {
			isa = PBXResourcesBuildPhase;
			buildActionMask = 2147483647;
			files = (
				52D697C92497E91A00AFABB5 /* LaunchScreen.storyboard in Resources */,
				52D697C62497E91A00AFABB5 /* Assets.xcassets in Resources */,
				52D697C42497E91900AFABB5 /* Main.storyboard in Resources */,
			);
			runOnlyForDeploymentPostprocessing = 0;
		};
		52D697CD2497E91B00AFABB5 /* Resources */ = {
			isa = PBXResourcesBuildPhase;
			buildActionMask = 2147483647;
			files = (
			);
			runOnlyForDeploymentPostprocessing = 0;
		};
		52D697D82497E91B00AFABB5 /* Resources */ = {
			isa = PBXResourcesBuildPhase;
			buildActionMask = 2147483647;
			files = (
			);
			runOnlyForDeploymentPostprocessing = 0;
		};
/* End PBXResourcesBuildPhase section */

/* Begin PBXSourcesBuildPhase section */
		52D697B72497E91900AFABB5 /* Sources */ = {
			isa = PBXSourcesBuildPhase;
			buildActionMask = 2147483647;
			files = (
				52D697C12497E91900AFABB5 /* ViewController.swift in Sources */,
				52D697BF2497E91900AFABB5 /* AppDelegate.swift in Sources */,
			);
			runOnlyForDeploymentPostprocessing = 0;
		};
		52D697CB2497E91B00AFABB5 /* Sources */ = {
			isa = PBXSourcesBuildPhase;
			buildActionMask = 2147483647;
			files = (
				52D697D42497E91B00AFABB5 /* ColoresSliderTests.swift in Sources */,
			);
			runOnlyForDeploymentPostprocessing = 0;
		};
		52D697D62497E91B00AFABB5 /* Sources */ = {
			isa = PBXSourcesBuildPhase;
			buildActionMask = 2147483647;
			files = (
				52D697DF2497E91B00AFABB5 /* ColoresSliderUITests.swift in Sources */,
			);
			runOnlyForDeploymentPostprocessing = 0;
		};
/* End PBXSourcesBuildPhase section */

/* Begin PBXTargetDependency section */
		52D697D12497E91B00AFABB5 /* PBXTargetDependency */ = {
			isa = PBXTargetDependency;
			target = 52D697BA2497E91900AFABB5 /* ColoresSlider */;
			targetProxy = 52D697D02497E91B00AFABB5 /* PBXContainerItemProxy */;
		};
		52D697DC2497E91B00AFABB5 /* PBXTargetDependency */ = {
			isa = PBXTargetDependency;
			target = 52D697BA2497E91900AFABB5 /* ColoresSlider */;
			targetProxy = 52D697DB2497E91B00AFABB5 /* PBXContainerItemProxy */;
		};
/* End PBXTargetDependency section */

/* Begin PBXVariantGroup section */
		52D697C22497E91900AFABB5 /* Main.storyboard */ = {
			isa = PBXVariantGroup;
			children = (
				52D697C32497E91900AFABB5 /* Base */,
			);
			name = Main.storyboard;
			sourceTree = "<group>";
		};
		52D697C72497E91A00AFABB5 /* LaunchScreen.storyboard */ = {
			isa = PBXVariantGroup;
			children = (
				52D697C82497E91A00AFABB5 /* Base */,
			);
			name = LaunchScreen.storyboard;
			sourceTree = "<group>";
		};
/* End PBXVariantGroup section */

/* Begin XCBuildConfiguration section */
		52D697E12497E91B00AFABB5 /* Debug */ = {
			isa = XCBuildConfiguration;
			buildSettings = {
				ALWAYS_SEARCH_USER_PATHS = NO;
				CLANG_ANALYZER_NONNULL = YES;
				CLANG_ANALYZER_NUMBER_OBJECT_CONVERSION = YES_AGGRESSIVE;
				CLANG_CXX_LANGUAGE_STANDARD = "gnu++14";
				CLANG_CXX_LIBRARY = "libc++";
				CLANG_ENABLE_MODULES = YES;
				CLANG_ENABLE_OBJC_ARC = YES;
				CLANG_ENABLE_OBJC_WEAK = YES;
				CLANG_WARN_BLOCK_CAPTURE_AUTORELEASING = YES;
				CLANG_WARN_BOOL_CONVERSION = YES;
				CLANG_WARN_COMMA = YES;
				CLANG_WARN_CONSTANT_CONVERSION = YES;
				CLANG_WARN_DEPRECATED_OBJC_IMPLEMENTATIONS = YES;
				CLANG_WARN_DIRECT_OBJC_ISA_USAGE = YES_ERROR;
				CLANG_WARN_DOCUMENTATION_COMMENTS = YES;
				CLANG_WARN_EMPTY_BODY = YES;
				CLANG_WARN_ENUM_CONVERSION = YES;
				CLANG_WARN_INFINITE_RECURSION = YES;
				CLANG_WARN_INT_CONVERSION = YES;
				CLANG_WARN_NON_LITERAL_NULL_CONVERSION = YES;
				CLANG_WARN_OBJC_IMPLICIT_RETAIN_SELF = YES;
				CLANG_WARN_OBJC_LITERAL_CONVERSION = YES;
				CLANG_WARN_OBJC_ROOT_CLASS = YES_ERROR;
				CLANG_WARN_RANGE_LOOP_ANALYSIS = YES;
				CLANG_WARN_STRICT_PROTOTYPES = YES;
				CLANG_WARN_SUSPICIOUS_MOVE = YES;
				CLANG_WARN_UNGUARDED_AVAILABILITY = YES_AGGRESSIVE;
				CLANG_WARN_UNREACHABLE_CODE = YES;
				CLANG_WARN__DUPLICATE_METHOD_MATCH = YES;
				CODE_SIGN_IDENTITY = "iPhone Developer";
				COPY_PHASE_STRIP = NO;
				DEBUG_INFORMATION_FORMAT = dwarf;
				ENABLE_STRICT_OBJC_MSGSEND = YES;
				ENABLE_TESTABILITY = YES;
				GCC_C_LANGUAGE_STANDARD = gnu11;
				GCC_DYNAMIC_NO_PIC = NO;
				GCC_NO_COMMON_BLOCKS = YES;
				GCC_OPTIMIZATION_LEVEL = 0;
				GCC_PREPROCESSOR_DEFINITIONS = (
					"DEBUG=1",
					"$(inherited)",
				);
				GCC_WARN_64_TO_32_BIT_CONVERSION = YES;
				GCC_WARN_ABOUT_RETURN_TYPE = YES_ERROR;
				GCC_WARN_UNDECLARED_SELECTOR = YES;
				GCC_WARN_UNINITIALIZED_AUTOS = YES_AGGRESSIVE;
				GCC_WARN_UNUSED_FUNCTION = YES;
				GCC_WARN_UNUSED_VARIABLE = YES;
				IPHONEOS_DEPLOYMENT_TARGET = 12.2;
				MTL_ENABLE_DEBUG_INFO = INCLUDE_SOURCE;
				MTL_FAST_MATH = YES;
				ONLY_ACTIVE_ARCH = YES;
				SDKROOT = iphoneos;
				SWIFT_ACTIVE_COMPILATION_CONDITIONS = DEBUG;
				SWIFT_OPTIMIZATION_LEVEL = "-Onone";
			};
			name = Debug;
		};
		52D697E22497E91B00AFABB5 /* Release */ = {
			isa = XCBuildConfiguration;
			buildSettings = {
				ALWAYS_SEARCH_USER_PATHS = NO;
				CLANG_ANALYZER_NONNULL = YES;
				CLANG_ANALYZER_NUMBER_OBJECT_CONVERSION = YES_AGGRESSIVE;
				CLANG_CXX_LANGUAGE_STANDARD = "gnu++14";
				CLANG_CXX_LIBRARY = "libc++";
				CLANG_ENABLE_MODULES = YES;
				CLANG_ENABLE_OBJC_ARC = YES;
				CLANG_ENABLE_OBJC_WEAK = YES;
				CLANG_WARN_BLOCK_CAPTURE_AUTORELEASING = YES;
				CLANG_WARN_BOOL_CONVERSION = YES;
				CLANG_WARN_COMMA = YES;
				CLANG_WARN_CONSTANT_CONVERSION = YES;
				CLANG_WARN_DEPRECATED_OBJC_IMPLEMENTATIONS = YES;
				CLANG_WARN_DIRECT_OBJC_ISA_USAGE = YES_ERROR;
				CLANG_WARN_DOCUMENTATION_COMMENTS = YES;
				CLANG_WARN_EMPTY_BODY = YES;
				CLANG_WARN_ENUM_CONVERSION = YES;
				CLANG_WARN_INFINITE_RECURSION = YES;
				CLANG_WARN_INT_CONVERSION = YES;
				CLANG_WARN_NON_LITERAL_NULL_CONVERSION = YES;
				CLANG_WARN_OBJC_IMPLICIT_RETAIN_SELF = YES;
				CLANG_WARN_OBJC_LITERAL_CONVERSION = YES;
				CLANG_WARN_OBJC_ROOT_CLASS = YES_ERROR;
				CLANG_WARN_RANGE_LOOP_ANALYSIS = YES;
				CLANG_WARN_STRICT_PROTOTYPES = YES;
				CLANG_WARN_SUSPICIOUS_MOVE = YES;
				CLANG_WARN_UNGUARDED_AVAILABILITY = YES_AGGRESSIVE;
				CLANG_WARN_UNREACHABLE_CODE = YES;
				CLANG_WARN__DUPLICATE_METHOD_MATCH = YES;
				CODE_SIGN_IDENTITY = "iPhone Developer";
				COPY_PHASE_STRIP = NO;
				DEBUG_INFORMATION_FORMAT = "dwarf-with-dsym";
				ENABLE_NS_ASSERTIONS = NO;
				ENABLE_STRICT_OBJC_MSGSEND = YES;
				GCC_C_LANGUAGE_STANDARD = gnu11;
				GCC_NO_COMMON_BLOCKS = YES;
				GCC_WARN_64_TO_32_BIT_CONVERSION = YES;
				GCC_WARN_ABOUT_RETURN_TYPE = YES_ERROR;
				GCC_WARN_UNDECLARED_SELECTOR = YES;
				GCC_WARN_UNINITIALIZED_AUTOS = YES_AGGRESSIVE;
				GCC_WARN_UNUSED_FUNCTION = YES;
				GCC_WARN_UNUSED_VARIABLE = YES;
				IPHONEOS_DEPLOYMENT_TARGET = 12.2;
				MTL_ENABLE_DEBUG_INFO = NO;
				MTL_FAST_MATH = YES;
				SDKROOT = iphoneos;
				SWIFT_COMPILATION_MODE = wholemodule;
				SWIFT_OPTIMIZATION_LEVEL = "-O";
				VALIDATE_PRODUCT = YES;
			};
			name = Release;
		};
		52D697E42497E91B00AFABB5 /* Debug */ = {
			isa = XCBuildConfiguration;
			buildSettings = {
				ASSETCATALOG_COMPILER_APPICON_NAME = AppIcon;
				CODE_SIGN_STYLE = Automatic;
				DEVELOPMENT_TEAM = BJG6S9HKGC;
				INFOPLIST_FILE = ColoresSlider/Info.plist;
				LD_RUNPATH_SEARCH_PATHS = (
					"$(inherited)",
					"@executable_path/Frameworks",
				);
				PRODUCT_BUNDLE_IDENTIFIER = com.durand.ColoresSlider;
				PRODUCT_NAME = "$(TARGET_NAME)";
				SWIFT_VERSION = 5.0;
				TARGETED_DEVICE_FAMILY = "1,2";
			};
			name = Debug;
		};
		52D697E52497E91B00AFABB5 /* Release */ = {
			isa = XCBuildConfiguration;
			buildSettings = {
				ASSETCATALOG_COMPILER_APPICON_NAME = AppIcon;
				CODE_SIGN_STYLE = Automatic;
				DEVELOPMENT_TEAM = BJG6S9HKGC;
				INFOPLIST_FILE = ColoresSlider/Info.plist;
				LD_RUNPATH_SEARCH_PATHS = (
					"$(inherited)",
					"@executable_path/Frameworks",
				);
				PRODUCT_BUNDLE_IDENTIFIER = com.durand.ColoresSlider;
				PRODUCT_NAME = "$(TARGET_NAME)";
				SWIFT_VERSION = 5.0;
				TARGETED_DEVICE_FAMILY = "1,2";
			};
			name = Release;
		};
		52D697E72497E91B00AFABB5 /* Debug */ = {
			isa = XCBuildConfiguration;
			buildSettings = {
				ALWAYS_EMBED_SWIFT_STANDARD_LIBRARIES = YES;
				BUNDLE_LOADER = "$(TEST_HOST)";
				CODE_SIGN_STYLE = Automatic;
				DEVELOPMENT_TEAM = BJG6S9HKGC;
				INFOPLIST_FILE = ColoresSliderTests/Info.plist;
				LD_RUNPATH_SEARCH_PATHS = (
					"$(inherited)",
					"@executable_path/Frameworks",
					"@loader_path/Frameworks",
				);
				PRODUCT_BUNDLE_IDENTIFIER = com.durand.ColoresSliderTests;
				PRODUCT_NAME = "$(TARGET_NAME)";
				SWIFT_VERSION = 5.0;
				TARGETED_DEVICE_FAMILY = "1,2";
				TEST_HOST = "$(BUILT_PRODUCTS_DIR)/ColoresSlider.app/ColoresSlider";
			};
			name = Debug;
		};
		52D697E82497E91B00AFABB5 /* Release */ = {
			isa = XCBuildConfiguration;
			buildSettings = {
				ALWAYS_EMBED_SWIFT_STANDARD_LIBRARIES = YES;
				BUNDLE_LOADER = "$(TEST_HOST)";
				CODE_SIGN_STYLE = Automatic;
				DEVELOPMENT_TEAM = BJG6S9HKGC;
				INFOPLIST_FILE = ColoresSliderTests/Info.plist;
				LD_RUNPATH_SEARCH_PATHS = (
					"$(inherited)",
					"@executable_path/Frameworks",
					"@loader_path/Frameworks",
				);
				PRODUCT_BUNDLE_IDENTIFIER = com.durand.ColoresSliderTests;
				PRODUCT_NAME = "$(TARGET_NAME)";
				SWIFT_VERSION = 5.0;
				TARGETED_DEVICE_FAMILY = "1,2";
				TEST_HOST = "$(BUILT_PRODUCTS_DIR)/ColoresSlider.app/ColoresSlider";
			};
			name = Release;
		};
		52D697EA2497E91B00AFABB5 /* Debug */ = {
			isa = XCBuildConfiguration;
			buildSettings = {
				ALWAYS_EMBED_SWIFT_STANDARD_LIBRARIES = YES;
				CODE_SIGN_STYLE = Automatic;
				DEVELOPMENT_TEAM = BJG6S9HKGC;
				INFOPLIST_FILE = ColoresSliderUITests/Info.plist;
				LD_RUNPATH_SEARCH_PATHS = (
					"$(inherited)",
					"@executable_path/Frameworks",
					"@loader_path/Frameworks",
				);
				PRODUCT_BUNDLE_IDENTIFIER = com.durand.ColoresSliderUITests;
				PRODUCT_NAME = "$(TARGET_NAME)";
				SWIFT_VERSION = 5.0;
				TARGETED_DEVICE_FAMILY = "1,2";
				TEST_TARGET_NAME = ColoresSlider;
			};
			name = Debug;
		};
		52D697EB2497E91B00AFABB5 /* Release */ = {
			isa = XCBuildConfiguration;
			buildSettings = {
				ALWAYS_EMBED_SWIFT_STANDARD_LIBRARIES = YES;
				CODE_SIGN_STYLE = Automatic;
				DEVELOPMENT_TEAM = BJG6S9HKGC;
				INFOPLIST_FILE = ColoresSliderUITests/Info.plist;
				LD_RUNPATH_SEARCH_PATHS = (
					"$(inherited)",
					"@executable_path/Frameworks",
					"@loader_path/Frameworks",
				);
				PRODUCT_BUNDLE_IDENTIFIER = com.durand.ColoresSliderUITests;
				PRODUCT_NAME = "$(TARGET_NAME)";
				SWIFT_VERSION = 5.0;
				TARGETED_DEVICE_FAMILY = "1,2";
				TEST_TARGET_NAME = ColoresSlider;
			};
			name = Release;
		};
/* End XCBuildConfiguration section */

/* Begin XCConfigurationList section */
		52D697B62497E91900AFABB5 /* Build configuration list for PBXProject "ColoresSlider" */ = {
			isa = XCConfigurationList;
			buildConfigurations = (
				52D697E12497E91B00AFABB5 /* Debug */,
				52D697E22497E91B00AFABB5 /* Release */,
			);
			defaultConfigurationIsVisible = 0;
			defaultConfigurationName = Release;
		};
		52D697E32497E91B00AFABB5 /* Build configuration list for PBXNativeTarget "ColoresSlider" */ = {
			isa = XCConfigurationList;
			buildConfigurations = (
				52D697E42497E91B00AFABB5 /* Debug */,
				52D697E52497E91B00AFABB5 /* Release */,
			);
			defaultConfigurationIsVisible = 0;
			defaultConfigurationName = Release;
		};
		52D697E62497E91B00AFABB5 /* Build configuration list for PBXNativeTarget "ColoresSliderTests" */ = {
			isa = XCConfigurationList;
			buildConfigurations = (
				52D697E72497E91B00AFABB5 /* Debug */,
				52D697E82497E91B00AFABB5 /* Release */,
			);
			defaultConfigurationIsVisible = 0;
			defaultConfigurationName = Release;
		};
		52D697E92497E91B00AFABB5 /* Build configuration list for PBXNativeTarget "ColoresSliderUITests" */ = {
			isa = XCConfigurationList;
			buildConfigurations = (
				52D697EA2497E91B00AFABB5 /* Debug */,
				52D697EB2497E91B00AFABB5 /* Release */,
			);
			defaultConfigurationIsVisible = 0;
			defaultConfigurationName = Release;
		};
/* End XCConfigurationList section */
	};
	rootObject = 52D697B32497E91900AFABB5 /* Project object */;
}
